{
  "lockfile_version": "1",
  "packages": {
    "github:NixOS/nixpkgs/nixpkgs-unstable": {
      "resolved": "github:NixOS/nixpkgs/0740f6f238767d4caf9afe774d3e88105766dfc6?lastModified=1742606399&narHash=sha256-NAxwF5cjgh8o5aylhePXWNQETCWYaTpNvdO2bMfINpQ%3D"
    },
    "sops@latest": {
      "last_modified": "2025-03-11T17:52:14Z",
      "resolved": "github:NixOS/nixpkgs/0d534853a55b5d02a4ababa1d71921ce8f0aee4c#sops",
      "source": "devbox-search",
      "version": "3.9.4",
      "systems": {
        "aarch64-darwin": {
          "outputs": [
            {
              "name": "out",
              "path": "/nix/store/8dg9gym9yz0fkjm638d4jk8yk5jvr03z-sops-3.9.4",
              "default": true
            }
          ],
          "store_path": "/nix/store/8dg9gym9yz0fkjm638d4jk8yk5jvr03z-sops-3.9.4"
        },
        "aarch64-linux": {
          "outputs": [
            {
              "name": "out",
              "path": "/nix/store/jydiyabbwfr8ffy7pn9lgyfa8h1494ds-sops-3.9.4",
              "default": true
            }
          ],
          "store_path": "/nix/store/jydiyabbwfr8ffy7pn9lgyfa8h1494ds-sops-3.9.4"
        },
        "x86_64-darwin": {
          "outputs": [
            {
              "name": "out",
              "path": "/nix/store/130qb3wa12s45fbi0ip0h0abr52lb85n-sops-3.9.4",
              "default": true
            }
          ],
          "store_path": "/nix/store/130qb3wa12s45fbi0ip0h0abr52lb85n-sops-3.9.4"
        },
        "x86_64-linux": {
          "outputs": [
            {
              "name": "out",
              "path": "/nix/store/cnp995ibdb6rckqywznq093s24nm8vv8-sops-3.9.4",
              "default": true
            }
          ],
          "store_path": "/nix/store/cnp995ibdb6rckqywznq093s24nm8vv8-sops-3.9.4"
        }
      }
    }
  }
}
